
Microsoft Visual Studio Solution File, Format Version 12.00
# Visual Studio 15
VisualStudioVersion = 15.0.28307.168
MinimumVisualStudioVersion = 10.0.40219.1
Project("{9A19103F-16F7-4668-BE54-9A1E7A4F7556}") = "FinanceBot", "PluralsightBot\FinanceBot.csproj", "{D8519C91-64B3-4BBA-BE56-1FA29F73FADD}"
EndProject
Global
	GlobalSection(SolutionConfigurationPlatforms) = preSolution
		Debug|Any CPU = Debug|Any CPU
		Release|Any CPU = Release|Any CPU
	EndGlobalSection
	GlobalSection(ProjectConfigurationPlatforms) = postSolution
		{D8519C91-64B3-4BBA-BE56-1FA29F73FADD}.Debug|Any CPU.ActiveCfg = Debug|Any CPU
		{D8519C91-64B3-4BBA-BE56-1FA29F73FADD}.Debug|Any CPU.Build.0 = Debug|Any CPU
		{D8519C91-64B3-4BBA-BE56-1FA29F73FADD}.Release|Any CPU.ActiveCfg = Release|Any CPU
		{D8519C91-64B3-4BBA-BE56-1FA29F73FADD}.Release|Any CPU.Build.0 = Release|Any CPU
	EndGlobalSection
	GlobalSection(SolutionProperties) = preSolution
		HideSolutionNode = FALSE
	EndGlobalSection
	GlobalSection(ExtensibilityGlobals) = postSolution
		SolutionGuid = {55AC75AA-27B1-418C-B44C-D29869C19064}
	EndGlobalSection
EndGlobal
